{
  "object": {
    "pins": [
      {
        "package": "Bits",
        "repositoryURL": "https://github.com/vapor/bits.git",
        "state": {
          "branch": null,
          "revision": "c32f5e6ae2007dccd21a92b7e33eba842dd80d2f",
          "version": "1.1.0"
        }
      },
      {
        "package": "CMySQL",
        "repositoryURL": "https://github.com/vapor/cmysql.git",
        "state": {
          "branch": null,
          "revision": "d931ed6ce52e772cd364fc0da59312440d6eee43",
          "version": "2.0.2"
        }
      },
      {
        "package": "Configuration",
        "repositoryURL": "https://github.com/IBM-Swift/Configuration.git",
        "state": {
          "branch": null,
          "revision": "20e2167fc80a039e3ee75ff3940c19c71084395e",
          "version": "2.0.0"
        }
      },
      {
        "package": "Core",
        "repositoryURL": "https://github.com/vapor/core.git",
        "state": {
          "branch": null,
          "revision": "f9f3a585ab0ea5764b46d7a36d9c0d9d508b9c63",
          "version": "2.2.0"
        }
      },
      {
        "package": "Debugging",
        "repositoryURL": "https://github.com/vapor/debugging.git",
        "state": {
          "branch": null,
          "revision": "fc5a27d6eb236141dc24e5f14eedaa2e035ae7b3",
          "version": "1.1.1"
        }
      },
      {
        "package": "JSON",
        "repositoryURL": "https://github.com/vapor/json.git",
        "state": {
          "branch": null,
          "revision": "6c7ce40d30b322d45cc49a8f1d742609d3228eb7",
          "version": "2.2.2"
        }
      },
      {
        "package": "LoggerAPI",
        "repositoryURL": "https://github.com/IBM-Swift/LoggerAPI.git",
        "state": {
          "branch": null,
          "revision": "6b62fe66da9b8794d6581e5c341710eea3173cd4",
          "version": "1.7.1"
        }
      },
      {
        "package": "MySQL",
        "repositoryURL": "https://github.com/vapor/mysql.git",
        "state": {
          "branch": null,
          "revision": "22f7cc1cb060f1e749a5d8feebb1803148744975",
          "version": "2.0.3"
        }
      },
      {
        "package": "Node",
        "repositoryURL": "https://github.com/vapor/node.git",
        "state": {
          "branch": null,
          "revision": "d1a2a5938d293c8a6ffcb73e04d16791cd8025a3",
          "version": "2.1.2"
        }
      },
      {
        "package": "SwiftyJSON",
        "repositoryURL": "https://github.com/SwiftyJSON/SwiftyJSON.git",
        "state": {
          "branch": null,
          "revision": "de309166a48a9dfc51d5bc4c55c0664d981de311",
          "version": "4.0.0"
        }
      }
    ]
  },
  "version": 1
}
